PODS:
  - IQKeyboardManagerSwift (6.5.9)
  - SwiftyJSON (5.0.1)

DEPENDENCIES:
  - IQKeyboardManagerSwift
  - SwiftyJSON

SPEC REPOS:
  trunk:
    - IQKeyboardManagerSwift
    - SwiftyJSON

SPEC CHECKSUMS:
  IQKeyboardManagerSwift: 6e839c575c4aa1078d58a596e41244e77abe918f
  SwiftyJSON: 2f33a42c6fbc52764d96f13368585094bfd8aa5e

PODFILE CHECKSUM: 5f7d950e7a0215c6a6ed3ac7ddf7ac6ba4d92d0a

COCOAPODS: 1.11.2
