// !$*UTF8*$!
{
	archiveVersion = 1;
	classes = {
	};
	objectVersion = 50;
	objects = {

/* Begin PBXBuildFile section */
		5E6C56B427675F7C0017DE8C /* AppDelegate.swift in Sources */ = {isa = PBXBuildFile; fileRef = 5E6C56B327675F7C0017DE8C /* AppDelegate.swift */; };
		5E6C56B627675F7C0017DE8C /* SceneDelegate.swift in Sources */ = {isa = PBXBuildFile; fileRef = 5E6C56B527675F7C0017DE8C /* SceneDelegate.swift */; };
		5E6C56B827675F7C0017DE8C /* ViewController.swift in Sources */ = {isa = PBXBuildFile; fileRef = 5E6C56B727675F7C0017DE8C /* ViewController.swift */; };
		5E6C56BB27675F7C0017DE8C /* Main.storyboard in Resources */ = {isa = PBXBuildFile; fileRef = 5E6C56B927675F7C0017DE8C /* Main.storyboard */; };
		5E6C56BD27675F7D0017DE8C /* Assets.xcassets in Resources */ = {isa = PBXBuildFile; fileRef = 5E6C56BC27675F7D0017DE8C /* Assets.xcassets */; };
		5E6C56C027675F7D0017DE8C /* LaunchScreen.storyboard in Resources */ = {isa = PBXBuildFile; fileRef = 5E6C56BE27675F7D0017DE8C /* LaunchScreen.storyboard */; };
		5E6C56CB27675F7D0017DE8C /* CodeTestTests.swift in Sources */ = {isa = PBXBuildFile; fileRef = 5E6C56CA27675F7D0017DE8C /* CodeTestTests.swift */; };
		5E6C56D627675F7D0017DE8C /* CodeTestUITests.swift in Sources */ = {isa = PBXBuildFile; fileRef = 5E6C56D527675F7D0017DE8C /* CodeTestUITests.swift */; };
/* End PBXBuildFile section */

/* Begin PBXContainerItemProxy section */
		5E6C56C727675F7D0017DE8C /* PBXContainerItemProxy */ = {
			isa = PBXContainerItemProxy;
			containerPortal = 5E6C56A827675F7C0017DE8C /* Project object */;
			proxyType = 1;
			remoteGlobalIDString = 5E6C56AF27675F7C0017DE8C;
			remoteInfo = CodeTest;
		};
		5E6C56D227675F7D0017DE8C /* PBXContainerItemProxy */ = {
			isa = PBXContainerItemProxy;
			containerPortal = 5E6C56A827675F7C0017DE8C /* Project object */;
			proxyType = 1;
			remoteGlobalIDString = 5E6C56AF27675F7C0017DE8C;
			remoteInfo = CodeTest;
		};
/* End PBXContainerItemProxy section */

/* Begin PBXFileReference section */
		5E6C56B027675F7C0017DE8C /* CodeTest.app */ = {isa = PBXFileReference; explicitFileType = wrapper.application; includeInIndex = 0; path = CodeTest.app; sourceTree = BUILT_PRODUCTS_DIR; };
		5E6C56B327675F7C0017DE8C /* AppDelegate.swift */ = {isa = PBXFileReference; lastKnownFileType = sourcecode.swift; path = AppDelegate.swift; sourceTree = "<group>"; };
		5E6C56B527675F7C0017DE8C /* SceneDelegate.swift */ = {isa = PBXFileReference; lastKnownFileType = sourcecode.swift; path = SceneDelegate.swift; sourceTree = "<group>"; };
		5E6C56B727675F7C0017DE8C /* ViewController.swift */ = {isa = PBXFileReference; lastKnownFileType = sourcecode.swift; path = ViewController.swift; sourceTree = "<group>"; };
		5E6C56BA27675F7C0017DE8C /* Base */ = {isa = PBXFileReference; lastKnownFileType = file.storyboard; name = Base; path = Base.lproj/Main.storyboard; sourceTree = "<group>"; };
		5E6C56BC27675F7D0017DE8C /* Assets.xcassets */ = {isa = PBXFileReference; lastKnownFileType = folder.assetcatalog; path = Assets.xcassets; sourceTree = "<group>"; };
		5E6C56BF27675F7D0017DE8C /* Base */ = {isa = PBXFileReference; lastKnownFileType = file.storyboard; name = Base; path = Base.lproj/LaunchScreen.storyboard; sourceTree = "<group>"; };
		5E6C56C127675F7D0017DE8C /* Info.plist */ = {isa = PBXFileReference; lastKnownFileType = text.plist.xml; path = Info.plist; sourceTree = "<group>"; };
		5E6C56C627675F7D0017DE8C /* CodeTestTests.xctest */ = {isa = PBXFileReference; explicitFileType = wrapper.cfbundle; includeInIndex = 0; path = CodeTestTests.xctest; sourceTree = BUILT_PRODUCTS_DIR; };
		5E6C56CA27675F7D0017DE8C /* CodeTestTests.swift */ = {isa = PBXFileReference; lastKnownFileType = sourcecode.swift; path = CodeTestTests.swift; sourceTree = "<group>"; };
		5E6C56CC27675F7D0017DE8C /* Info.plist */ = {isa = PBXFileReference; lastKnownFileType = text.plist.xml; path = Info.plist; sourceTree = "<group>"; };
		5E6C56D127675F7D0017DE8C /* CodeTestUITests.xctest */ = {isa = PBXFileReference; explicitFileType = wrapper.cfbundle; includeInIndex = 0; path = CodeTestUITests.xctest; sourceTree = BUILT_PRODUCTS_DIR; };
		5E6C56D527675F7D0017DE8C /* CodeTestUITests.swift */ = {isa = PBXFileReference; lastKnownFileType = sourcecode.swift; path = CodeTestUITests.swift; sourceTree = "<group>"; };
		5E6C56D727675F7D0017DE8C /* Info.plist */ = {isa = PBXFileReference; lastKnownFileType = text.plist.xml; path = Info.plist; sourceTree = "<group>"; };
/* End PBXFileReference section */

/* Begin PBXFrameworksBuildPhase section */
		5E6C56AD27675F7C0017DE8C /* Frameworks */ = {
			isa = PBXFrameworksBuildPhase;
			buildActionMask = 2147483647;
			files = (
			);
			runOnlyForDeploymentPostprocessing = 0;
		};
		5E6C56C327675F7D0017DE8C /* Frameworks */ = {
			isa = PBXFrameworksBuildPhase;
			buildActionMask = 2147483647;
			files = (
			);
			runOnlyForDeploymentPostprocessing = 0;
		};
		5E6C56CE27675F7D0017DE8C /* Frameworks */ = {
			isa = PBXFrameworksBuildPhase;
			buildActionMask = 2147483647;
			files = (
			);
			runOnlyForDeploymentPostprocessing = 0;
		};
/* End PBXFrameworksBuildPhase section */

/* Begin PBXGroup section */
		5E6C56A727675F7C0017DE8C = {
			isa = PBXGroup;
			children = (
				5E6C56B227675F7C0017DE8C /* CodeTest */,
				5E6C56C927675F7D0017DE8C /* CodeTestTests */,
				5E6C56D427675F7D0017DE8C /* CodeTestUITests */,
				5E6C56B127675F7C0017DE8C /* Products */,
			);
			sourceTree = "<group>";
		};
		5E6C56B127675F7C0017DE8C /* Products */ = {
			isa = PBXGroup;
			children = (
				5E6C56B027675F7C0017DE8C /* CodeTest.app */,
				5E6C56C627675F7D0017DE8C /* CodeTestTests.xctest */,
				5E6C56D127675F7D0017DE8C /* CodeTestUITests.xctest */,
			);
			name = Products;
			sourceTree = "<group>";
		};
		5E6C56B227675F7C0017DE8C /* CodeTest */ = {
			isa = PBXGroup;
			children = (
				5E6C56B327675F7C0017DE8C /* AppDelegate.swift */,
				5E6C56B527675F7C0017DE8C /* SceneDelegate.swift */,
				5E6C56B727675F7C0017DE8C /* ViewController.swift */,
				5E6C56B927675F7C0017DE8C /* Main.storyboard */,
				5E6C56BC27675F7D0017DE8C /* Assets.xcassets */,
				5E6C56BE27675F7D0017DE8C /* LaunchScreen.storyboard */,
				5E6C56C127675F7D0017DE8C /* Info.plist */,
			);
			path = CodeTest;
			sourceTree = "<group>";
		};
		5E6C56C927675F7D0017DE8C /* CodeTestTests */ = {
			isa = PBXGroup;
			children = (
				5E6C56CA27675F7D0017DE8C /* CodeTestTests.swift */,
				5E6C56CC27675F7D0017DE8C /* Info.plist */,
			);
			path = CodeTestTests;
			sourceTree = "<group>";
		};
		5E6C56D427675F7D0017DE8C /* CodeTestUITests */ = {
			isa = PBXGroup;
			children = (
				5E6C56D527675F7D0017DE8C /* CodeTestUITests.swift */,
				5E6C56D727675F7D0017DE8C /* Info.plist */,
			);
			path = CodeTestUITests;
			sourceTree = "<group>";
		};
/* End PBXGroup section */

/* Begin PBXNativeTarget section */
		5E6C56AF27675F7C0017DE8C /* CodeTest */ = {
			isa = PBXNativeTarget;
			buildConfigurationList = 5E6C56DA27675F7D0017DE8C /* Build configuration list for PBXNativeTarget "CodeTest" */;
			buildPhases = (
				5E6C56AC27675F7C0017DE8C /* Sources */,
				5E6C56AD27675F7C0017DE8C /* Frameworks */,
				5E6C56AE27675F7C0017DE8C /* Resources */,
			);
			buildRules = (
			);
			dependencies = (
			);
			name = CodeTest;
			productName = CodeTest;
			productReference = 5E6C56B027675F7C0017DE8C /* CodeTest.app */;
			productType = "com.apple.product-type.application";
		};
		5E6C56C527675F7D0017DE8C /* CodeTestTests */ = {
			isa = PBXNativeTarget;
			buildConfigurationList = 5E6C56DD27675F7D0017DE8C /* Build configuration list for PBXNativeTarget "CodeTestTests" */;
			buildPhases = (
				5E6C56C227675F7D0017DE8C /* Sources */,
				5E6C56C327675F7D0017DE8C /* Frameworks */,
				5E6C56C427675F7D0017DE8C /* Resources */,
			);
			buildRules = (
			);
			dependencies = (
				5E6C56C827675F7D0017DE8C /* PBXTargetDependency */,
			);
			name = CodeTestTests;
			productName = CodeTestTests;
			productReference = 5E6C56C627675F7D0017DE8C /* CodeTestTests.xctest */;
			productType = "com.apple.product-type.bundle.unit-test";
		};
		5E6C56D027675F7D0017DE8C /* CodeTestUITests */ = {
			isa = PBXNativeTarget;
			buildConfigurationList = 5E6C56E027675F7D0017DE8C /* Build configuration list for PBXNativeTarget "CodeTestUITests" */;
			buildPhases = (
				5E6C56CD27675F7D0017DE8C /* Sources */,
				5E6C56CE27675F7D0017DE8C /* Frameworks */,
				5E6C56CF27675F7D0017DE8C /* Resources */,
			);
			buildRules = (
			);
			dependencies = (
				5E6C56D327675F7D0017DE8C /* PBXTargetDependency */,
			);
			name = CodeTestUITests;
			productName = CodeTestUITests;
			productReference = 5E6C56D127675F7D0017DE8C /* CodeTestUITests.xctest */;
			productType = "com.apple.product-type.bundle.ui-testing";
		};
/* End PBXNativeTarget section */

/* Begin PBXProject section */
		5E6C56A827675F7C0017DE8C /* Project object */ = {
			isa = PBXProject;
			attributes = {
				LastSwiftUpdateCheck = 1250;
				LastUpgradeCheck = 1250;
				TargetAttributes = {
					5E6C56AF27675F7C0017DE8C = {
						CreatedOnToolsVersion = 12.5.1;
					};
					5E6C56C527675F7D0017DE8C = {
						CreatedOnToolsVersion = 12.5.1;
						TestTargetID = 5E6C56AF27675F7C0017DE8C;
					};
					5E6C56D027675F7D0017DE8C = {
						CreatedOnToolsVersion = 12.5.1;
						TestTargetID = 5E6C56AF27675F7C0017DE8C;
					};
				};
			};
			buildConfigurationList = 5E6C56AB27675F7C0017DE8C /* Build configuration list for PBXProject "CodeTest" */;
			compatibilityVersion = "Xcode 9.3";
			developmentRegion = en;
			hasScannedForEncodings = 0;
			knownRegions = (
				en,
				Base,
			);
			mainGroup = 5E6C56A727675F7C0017DE8C;
			productRefGroup = 5E6C56B127675F7C0017DE8C /* Products */;
			projectDirPath = "";
			projectRoot = "";
			targets = (
				5E6C56AF27675F7C0017DE8C /* CodeTest */,
				5E6C56C527675F7D0017DE8C /* CodeTestTests */,
				5E6C56D027675F7D0017DE8C /* CodeTestUITests */,
			);
		};
/* End PBXProject section */

/* Begin PBXResourcesBuildPhase section */
		5E6C56AE27675F7C0017DE8C /* Resources */ = {
			isa = PBXResourcesBuildPhase;
			buildActionMask = 2147483647;
			files = (
				5E6C56C027675F7D0017DE8C /* LaunchScreen.storyboard in Resources */,
				5E6C56BD27675F7D0017DE8C /* Assets.xcassets in Resources */,
				5E6C56BB27675F7C0017DE8C /* Main.storyboard in Resources */,
			);
			runOnlyForDeploymentPostprocessing = 0;
		};
		5E6C56C427675F7D0017DE8C /* Resources */ = {
			isa = PBXResourcesBuildPhase;
			buildActionMask = 2147483647;
			files = (
			);
			runOnlyForDeploymentPostprocessing = 0;
		};
		5E6C56CF27675F7D0017DE8C /* Resources */ = {
			isa = PBXResourcesBuildPhase;
			buildActionMask = 2147483647;
			files = (
			);
			runOnlyForDeploymentPostprocessing = 0;
		};
/* End PBXResourcesBuildPhase section */

/* Begin PBXSourcesBuildPhase section */
		5E6C56AC27675F7C0017DE8C /* Sources */ = {
			isa = PBXSourcesBuildPhase;
			buildActionMask = 2147483647;
			files = (
				5E6C56B827675F7C0017DE8C /* ViewController.swift in Sources */,
				5E6C56B427675F7C0017DE8C /* AppDelegate.swift in Sources */,
				5E6C56B627675F7C0017DE8C /* SceneDelegate.swift in Sources */,
			);
			runOnlyForDeploymentPostprocessing = 0;
		};
		5E6C56C227675F7D0017DE8C /* Sources */ = {
			isa = PBXSourcesBuildPhase;
			buildActionMask = 2147483647;
			files = (
				5E6C56CB27675F7D0017DE8C /* CodeTestTests.swift in Sources */,
			);
			runOnlyForDeploymentPostprocessing = 0;
		};
		5E6C56CD27675F7D0017DE8C /* Sources */ = {
			isa = PBXSourcesBuildPhase;
			buildActionMask = 2147483647;
			files = (
				5E6C56D627675F7D0017DE8C /* CodeTestUITests.swift in Sources */,
			);
			runOnlyForDeploymentPostprocessing = 0;
		};
/* End PBXSourcesBuildPhase section */

/* Begin PBXTargetDependency section */
		5E6C56C827675F7D0017DE8C /* PBXTargetDependency */ = {
			isa = PBXTargetDependency;
			target = 5E6C56AF27675F7C0017DE8C /* CodeTest */;
			targetProxy = 5E6C56C727675F7D0017DE8C /* PBXContainerItemProxy */;
		};
		5E6C56D327675F7D0017DE8C /* PBXTargetDependency */ = {
			isa = PBXTargetDependency;
			target = 5E6C56AF27675F7C0017DE8C /* CodeTest */;
			targetProxy = 5E6C56D227675F7D0017DE8C /* PBXContainerItemProxy */;
		};
/* End PBXTargetDependency section */

/* Begin PBXVariantGroup section */
		5E6C56B927675F7C0017DE8C /* Main.storyboard */ = {
			isa = PBXVariantGroup;
			children = (
				5E6C56BA27675F7C0017DE8C /* Base */,
			);
			name = Main.storyboard;
			sourceTree = "<group>";
		};
		5E6C56BE27675F7D0017DE8C /* LaunchScreen.storyboard */ = {
			isa = PBXVariantGroup;
			children = (
				5E6C56BF27675F7D0017DE8C /* Base */,
			);
			name = LaunchScreen.storyboard;
			sourceTree = "<group>";
		};
/* End PBXVariantGroup section */

/* Begin XCBuildConfiguration section */
		5E6C56D827675F7D0017DE8C /* Debug */ = {
			isa = XCBuildConfiguration;
			buildSettings = {
				ALWAYS_SEARCH_USER_PATHS = NO;
				CLANG_ANALYZER_NONNULL = YES;
				CLANG_ANALYZER_NUMBER_OBJECT_CONVERSION = YES_AGGRESSIVE;
				CLANG_CXX_LANGUAGE_STANDARD = "gnu++14";
				CLANG_CXX_LIBRARY = "libc++";
				CLANG_ENABLE_MODULES = YES;
				CLANG_ENABLE_OBJC_ARC = YES;
				CLANG_ENABLE_OBJC_WEAK = YES;
				CLANG_WARN_BLOCK_CAPTURE_AUTORELEASING = YES;
				CLANG_WARN_BOOL_CONVERSION = YES;
				CLANG_WARN_COMMA = YES;
				CLANG_WARN_CONSTANT_CONVERSION = YES;
				CLANG_WARN_DEPRECATED_OBJC_IMPLEMENTATIONS = YES;
				CLANG_WARN_DIRECT_OBJC_ISA_USAGE = YES_ERROR;
				CLANG_WARN_DOCUMENTATION_COMMENTS = YES;
				CLANG_WARN_EMPTY_BODY = YES;
				CLANG_WARN_ENUM_CONVERSION = YES;
				CLANG_WARN_INFINITE_RECURSION = YES;
				CLANG_WARN_INT_CONVERSION = YES;
				CLANG_WARN_NON_LITERAL_NULL_CONVERSION = YES;
				CLANG_WARN_OBJC_IMPLICIT_RETAIN_SELF = YES;
				CLANG_WARN_OBJC_LITERAL_CONVERSION = YES;
				CLANG_WARN_OBJC_ROOT_CLASS = YES_ERROR;
				CLANG_WARN_QUOTED_INCLUDE_IN_FRAMEWORK_HEADER = YES;
				CLANG_WARN_RANGE_LOOP_ANALYSIS = YES;
				CLANG_WARN_STRICT_PROTOTYPES = YES;
				CLANG_WARN_SUSPICIOUS_MOVE = YES;
				CLANG_WARN_UNGUARDED_AVAILABILITY = YES_AGGRESSIVE;
				CLANG_WARN_UNREACHABLE_CODE = YES;
				CLANG_WARN__DUPLICATE_METHOD_MATCH = YES;
				COPY_PHASE_STRIP = NO;
				DEBUG_INFORMATION_FORMAT = dwarf;
				ENABLE_STRICT_OBJC_MSGSEND = YES;
				ENABLE_TESTABILITY = YES;
				GCC_C_LANGUAGE_STANDARD = gnu11;
				GCC_DYNAMIC_NO_PIC = NO;
				GCC_NO_COMMON_BLOCKS = YES;
				GCC_OPTIMIZATION_LEVEL = 0;
				GCC_PREPROCESSOR_DEFINITIONS = (
					"DEBUG=1",
					"$(inherited)",
				);
				GCC_WARN_64_TO_32_BIT_CONVERSION = YES;
				GCC_WARN_ABOUT_RETURN_TYPE = YES_ERROR;
				GCC_WARN_UNDECLARED_SELECTOR = YES;
				GCC_WARN_UNINITIALIZED_AUTOS = YES_AGGRESSIVE;
				GCC_WARN_UNUSED_FUNCTION = YES;
				GCC_WARN_UNUSED_VARIABLE = YES;
				IPHONEOS_DEPLOYMENT_TARGET = 14.5;
				MTL_ENABLE_DEBUG_INFO = INCLUDE_SOURCE;
				MTL_FAST_MATH = YES;
				ONLY_ACTIVE_ARCH = YES;
				SDKROOT = iphoneos;
				SWIFT_ACTIVE_COMPILATION_CONDITIONS = DEBUG;
				SWIFT_OPTIMIZATION_LEVEL = "-Onone";
			};
			name = Debug;
		};
		5E6C56D927675F7D0017DE8C /* Release */ = {
			isa = XCBuildConfiguration;
			buildSettings = {
				ALWAYS_SEARCH_USER_PATHS = NO;
				CLANG_ANALYZER_NONNULL = YES;
				CLANG_ANALYZER_NUMBER_OBJECT_CONVERSION = YES_AGGRESSIVE;
				CLANG_CXX_LANGUAGE_STANDARD = "gnu++14";
				CLANG_CXX_LIBRARY = "libc++";
				CLANG_ENABLE_MODULES = YES;
				CLANG_ENABLE_OBJC_ARC = YES;
				CLANG_ENABLE_OBJC_WEAK = YES;
				CLANG_WARN_BLOCK_CAPTURE_AUTORELEASING = YES;
				CLANG_WARN_BOOL_CONVERSION = YES;
				CLANG_WARN_COMMA = YES;
				CLANG_WARN_CONSTANT_CONVERSION = YES;
				CLANG_WARN_DEPRECATED_OBJC_IMPLEMENTATIONS = YES;
				CLANG_WARN_DIRECT_OBJC_ISA_USAGE = YES_ERROR;
				CLANG_WARN_DOCUMENTATION_COMMENTS = YES;
				CLANG_WARN_EMPTY_BODY = YES;
				CLANG_WARN_ENUM_CONVERSION = YES;
				CLANG_WARN_INFINITE_RECURSION = YES;
				CLANG_WARN_INT_CONVERSION = YES;
				CLANG_WARN_NON_LITERAL_NULL_CONVERSION = YES;
				CLANG_WARN_OBJC_IMPLICIT_RETAIN_SELF = YES;
				CLANG_WARN_OBJC_LITERAL_CONVERSION = YES;
				CLANG_WARN_OBJC_ROOT_CLASS = YES_ERROR;
				CLANG_WARN_QUOTED_INCLUDE_IN_FRAMEWORK_HEADER = YES;
				CLANG_WARN_RANGE_LOOP_ANALYSIS = YES;
				CLANG_WARN_STRICT_PROTOTYPES = YES;
				CLANG_WARN_SUSPICIOUS_MOVE = YES;
				CLANG_WARN_UNGUARDED_AVAILABILITY = YES_AGGRESSIVE;
				CLANG_WARN_UNREACHABLE_CODE = YES;
				CLANG_WARN__DUPLICATE_METHOD_MATCH = YES;
				COPY_PHASE_STRIP = NO;
				DEBUG_INFORMATION_FORMAT = "dwarf-with-dsym";
				ENABLE_NS_ASSERTIONS = NO;
				ENABLE_STRICT_OBJC_MSGSEND = YES;
				GCC_C_LANGUAGE_STANDARD = gnu11;
				GCC_NO_COMMON_BLOCKS = YES;
				GCC_WARN_64_TO_32_BIT_CONVERSION = YES;
				GCC_WARN_ABOUT_RETURN_TYPE = YES_ERROR;
				GCC_WARN_UNDECLARED_SELECTOR = YES;
				GCC_WARN_UNINITIALIZED_AUTOS = YES_AGGRESSIVE;
				GCC_WARN_UNUSED_FUNCTION = YES;
				GCC_WARN_UNUSED_VARIABLE = YES;
				IPHONEOS_DEPLOYMENT_TARGET = 14.5;
				MTL_ENABLE_DEBUG_INFO = NO;
				MTL_FAST_MATH = YES;
				SDKROOT = iphoneos;
				SWIFT_COMPILATION_MODE = wholemodule;
				SWIFT_OPTIMIZATION_LEVEL = "-O";
				VALIDATE_PRODUCT = YES;
			};
			name = Release;
		};
		5E6C56DB27675F7D0017DE8C /* Debug */ = {
			isa = XCBuildConfiguration;
			buildSettings = {
				ASSETCATALOG_COMPILER_APPICON_NAME = AppIcon;
				ASSETCATALOG_COMPILER_GLOBAL_ACCENT_COLOR_NAME = AccentColor;
				CODE_SIGN_STYLE = Automatic;
				INFOPLIST_FILE = CodeTest/Info.plist;
				LD_RUNPATH_SEARCH_PATHS = (
					"$(inherited)",
					"@executable_path/Frameworks",
				);
				PRODUCT_BUNDLE_IDENTIFIER = com.ThetaTechnolabs.CodeTest;
				PRODUCT_NAME = "$(TARGET_NAME)";
				SWIFT_VERSION = 5.0;
				TARGETED_DEVICE_FAMILY = 1;
			};
			name = Debug;
		};
		5E6C56DC27675F7D0017DE8C /* Release */ = {
			isa = XCBuildConfiguration;
			buildSettings = {
				ASSETCATALOG_COMPILER_APPICON_NAME = AppIcon;
				ASSETCATALOG_COMPILER_GLOBAL_ACCENT_COLOR_NAME = AccentColor;
				CODE_SIGN_STYLE = Automatic;
				INFOPLIST_FILE = CodeTest/Info.plist;
				LD_RUNPATH_SEARCH_PATHS = (
					"$(inherited)",
					"@executable_path/Frameworks",
				);
				PRODUCT_BUNDLE_IDENTIFIER = com.ThetaTechnolabs.CodeTest;
				PRODUCT_NAME = "$(TARGET_NAME)";
				SWIFT_VERSION = 5.0;
				TARGETED_DEVICE_FAMILY = 1;
			};
			name = Release;
		};
		5E6C56DE27675F7D0017DE8C /* Debug */ = {
			isa = XCBuildConfiguration;
			buildSettings = {
				ALWAYS_EMBED_SWIFT_STANDARD_LIBRARIES = YES;
				BUNDLE_LOADER = "$(TEST_HOST)";
				CODE_SIGN_STYLE = Automatic;
				INFOPLIST_FILE = CodeTestTests/Info.plist;
				IPHONEOS_DEPLOYMENT_TARGET = 14.5;
				LD_RUNPATH_SEARCH_PATHS = (
					"$(inherited)",
					"@executable_path/Frameworks",
					"@loader_path/Frameworks",
				);
				PRODUCT_BUNDLE_IDENTIFIER = com.ThetaTechnolabs.CodeTestTests;
				PRODUCT_NAME = "$(TARGET_NAME)";
				SWIFT_VERSION = 5.0;
				TARGETED_DEVICE_FAMILY = "1,2";
				TEST_HOST = "$(BUILT_PRODUCTS_DIR)/CodeTest.app/CodeTest";
			};
			name = Debug;
		};
		5E6C56DF27675F7D0017DE8C /* Release */ = {
			isa = XCBuildConfiguration;
			buildSettings = {
				ALWAYS_EMBED_SWIFT_STANDARD_LIBRARIES = YES;
				BUNDLE_LOADER = "$(TEST_HOST)";
				CODE_SIGN_STYLE = Automatic;
				INFOPLIST_FILE = CodeTestTests/Info.plist;
				IPHONEOS_DEPLOYMENT_TARGET = 14.5;
				LD_RUNPATH_SEARCH_PATHS = (
					"$(inherited)",
					"@executable_path/Frameworks",
					"@loader_path/Frameworks",
				);
				PRODUCT_BUNDLE_IDENTIFIER = com.ThetaTechnolabs.CodeTestTests;
				PRODUCT_NAME = "$(TARGET_NAME)";
				SWIFT_VERSION = 5.0;
				TARGETED_DEVICE_FAMILY = "1,2";
				TEST_HOST = "$(BUILT_PRODUCTS_DIR)/CodeTest.app/CodeTest";
			};
			name = Release;
		};
		5E6C56E127675F7D0017DE8C /* Debug */ = {
			isa = XCBuildConfiguration;
			buildSettings = {
				ALWAYS_EMBED_SWIFT_STANDARD_LIBRARIES = YES;
				CODE_SIGN_STYLE = Automatic;
				INFOPLIST_FILE = CodeTestUITests/Info.plist;
				LD_RUNPATH_SEARCH_PATHS = (
					"$(inherited)",
					"@executable_path/Frameworks",
					"@loader_path/Frameworks",
				);
				PRODUCT_BUNDLE_IDENTIFIER = com.ThetaTechnolabs.CodeTestUITests;
				PRODUCT_NAME = "$(TARGET_NAME)";
				SWIFT_VERSION = 5.0;
				TARGETED_DEVICE_FAMILY = "1,2";
				TEST_TARGET_NAME = CodeTest;
			};
			name = Debug;
		};
		5E6C56E227675F7D0017DE8C /* Release */ = {
			isa = XCBuildConfiguration;
			buildSettings = {
				ALWAYS_EMBED_SWIFT_STANDARD_LIBRARIES = YES;
				CODE_SIGN_STYLE = Automatic;
				INFOPLIST_FILE = CodeTestUITests/Info.plist;
				LD_RUNPATH_SEARCH_PATHS = (
					"$(inherited)",
					"@executable_path/Frameworks",
					"@loader_path/Frameworks",
				);
				PRODUCT_BUNDLE_IDENTIFIER = com.ThetaTechnolabs.CodeTestUITests;
				PRODUCT_NAME = "$(TARGET_NAME)";
				SWIFT_VERSION = 5.0;
				TARGETED_DEVICE_FAMILY = "1,2";
				TEST_TARGET_NAME = CodeTest;
			};
			name = Release;
		};
/* End XCBuildConfiguration section */

/* Begin XCConfigurationList section */
		5E6C56AB27675F7C0017DE8C /* Build configuration list for PBXProject "CodeTest" */ = {
			isa = XCConfigurationList;
			buildConfigurations = (
				5E6C56D827675F7D0017DE8C /* Debug */,
				5E6C56D927675F7D0017DE8C /* Release */,
			);
			defaultConfigurationIsVisible = 0;
			defaultConfigurationName = Release;
		};
		5E6C56DA27675F7D0017DE8C /* Build configuration list for PBXNativeTarget "CodeTest" */ = {
			isa = XCConfigurationList;
			buildConfigurations = (
				5E6C56DB27675F7D0017DE8C /* Debug */,
				5E6C56DC27675F7D0017DE8C /* Release */,
			);
			defaultConfigurationIsVisible = 0;
			defaultConfigurationName = Release;
		};
		5E6C56DD27675F7D0017DE8C /* Build configuration list for PBXNativeTarget "CodeTestTests" */ = {
			isa = XCConfigurationList;
			buildConfigurations = (
				5E6C56DE27675F7D0017DE8C /* Debug */,
				5E6C56DF27675F7D0017DE8C /* Release */,
			);
			defaultConfigurationIsVisible = 0;
			defaultConfigurationName = Release;
		};
		5E6C56E027675F7D0017DE8C /* Build configuration list for PBXNativeTarget "CodeTestUITests" */ = {
			isa = XCConfigurationList;
			buildConfigurations = (
				5E6C56E127675F7D0017DE8C /* Debug */,
				5E6C56E227675F7D0017DE8C /* Release */,
			);
			defaultConfigurationIsVisible = 0;
			defaultConfigurationName = Release;
		};
/* End XCConfigurationList section */
	};
	rootObject = 5E6C56A827675F7C0017DE8C /* Project object */;
}
